
Microsoft Visual Studio Solution File, Format Version 12.00
# Visual Studio Version 16
VisualStudioVersion = 16.0.29728.190
MinimumVisualStudioVersion = 10.0.40219.1
Project("{2150E333-8FDC-42A3-9474-1A3956D46DE8}") = "src", "src", "{52791BFB-E2E1-4587-8F20-6DB710E6149F}"
EndProject
Project("{9A19103F-16F7-4668-BE54-9A1E7A4F7556}") = "MMT.Domain", "MMT.Domain\MMT.Domain.csproj", "{CD1DFFAB-74CB-48EC-9C33-9AE2B2CE2136}"
EndProject
Project("{9A19103F-16F7-4668-BE54-9A1E7A4F7556}") = "MMT.Database", "MMT.Database\MMT.Database.csproj", "{6624EFCA-BB77-4869-8194-E3A05660B961}"
EndProject
Project("{9A19103F-16F7-4668-BE54-9A1E7A4F7556}") = "MMT.Infra.Data", "MMT.Infra.Data\MMT.Infra.Data.csproj", "{D922298A-39C0-4568-B8BF-B9D1016CCF3B}"
EndProject
Project("{9A19103F-16F7-4668-BE54-9A1E7A4F7556}") = "MMT.Infra.CrossCutting.Bus", "MMT.Infra.CrossCutting.Bus\MMT.Infra.CrossCutting.Bus.csproj", "{D03D6D99-F40F-4998-A858-2561DC93D628}"
EndProject
Project("{9A19103F-16F7-4668-BE54-9A1E7A4F7556}") = "MMT.Infra.CrossCutting.IoC", "MMT.Infra.CrossCutting.IoC\MMT.Infra.CrossCutting.IoC.csproj", "{30EDD755-1B08-4C37-8A76-69836E0566E2}"
EndProject
Project("{9A19103F-16F7-4668-BE54-9A1E7A4F7556}") = "MMT.Domain.Core", "MMT.Domain.Core\MMT.Domain.Core.csproj", "{FE7F94CE-420A-420F-9633-12B8BB1D8A45}"
EndProject
Project("{9A19103F-16F7-4668-BE54-9A1E7A4F7556}") = "MMT.UI.API", "MMT.UI.API\MMT.UI.API.csproj", "{041E8AB7-0101-4957-AD52-1FFC9392FF2E}"
EndProject
Project("{9A19103F-16F7-4668-BE54-9A1E7A4F7556}") = "MMT.Service", "MMT.Service\MMT.Service.csproj", "{A1076D0B-B7E1-425F-949F-A0952DE67DB7}"
EndProject
Project("{FAE04EC0-301F-11D3-BF4B-00C04F79EFBC}") = "MMT.UI.Site", "MMT.UI.Site\MMT.UI.Site.csproj", "{FC3DB08B-A2F1-4224-9198-71C8FE343718}"
EndProject
Global
	GlobalSection(SolutionConfigurationPlatforms) = preSolution
		Debug|Any CPU = Debug|Any CPU
		Release|Any CPU = Release|Any CPU
	EndGlobalSection
	GlobalSection(ProjectConfigurationPlatforms) = postSolution
		{CD1DFFAB-74CB-48EC-9C33-9AE2B2CE2136}.Debug|Any CPU.ActiveCfg = Debug|Any CPU
		{CD1DFFAB-74CB-48EC-9C33-9AE2B2CE2136}.Debug|Any CPU.Build.0 = Debug|Any CPU
		{CD1DFFAB-74CB-48EC-9C33-9AE2B2CE2136}.Release|Any CPU.ActiveCfg = Release|Any CPU
		{CD1DFFAB-74CB-48EC-9C33-9AE2B2CE2136}.Release|Any CPU.Build.0 = Release|Any CPU
		{6624EFCA-BB77-4869-8194-E3A05660B961}.Debug|Any CPU.ActiveCfg = Debug|Any CPU
		{6624EFCA-BB77-4869-8194-E3A05660B961}.Debug|Any CPU.Build.0 = Debug|Any CPU
		{6624EFCA-BB77-4869-8194-E3A05660B961}.Release|Any CPU.ActiveCfg = Release|Any CPU
		{6624EFCA-BB77-4869-8194-E3A05660B961}.Release|Any CPU.Build.0 = Release|Any CPU
		{D922298A-39C0-4568-B8BF-B9D1016CCF3B}.Debug|Any CPU.ActiveCfg = Debug|Any CPU
		{D922298A-39C0-4568-B8BF-B9D1016CCF3B}.Debug|Any CPU.Build.0 = Debug|Any CPU
		{D922298A-39C0-4568-B8BF-B9D1016CCF3B}.Release|Any CPU.ActiveCfg = Release|Any CPU
		{D922298A-39C0-4568-B8BF-B9D1016CCF3B}.Release|Any CPU.Build.0 = Release|Any CPU
		{D03D6D99-F40F-4998-A858-2561DC93D628}.Debug|Any CPU.ActiveCfg = Debug|Any CPU
		{D03D6D99-F40F-4998-A858-2561DC93D628}.Debug|Any CPU.Build.0 = Debug|Any CPU
		{D03D6D99-F40F-4998-A858-2561DC93D628}.Release|Any CPU.ActiveCfg = Release|Any CPU
		{D03D6D99-F40F-4998-A858-2561DC93D628}.Release|Any CPU.Build.0 = Release|Any CPU
		{30EDD755-1B08-4C37-8A76-69836E0566E2}.Debug|Any CPU.ActiveCfg = Debug|Any CPU
		{30EDD755-1B08-4C37-8A76-69836E0566E2}.Debug|Any CPU.Build.0 = Debug|Any CPU
		{30EDD755-1B08-4C37-8A76-69836E0566E2}.Release|Any CPU.ActiveCfg = Release|Any CPU
		{30EDD755-1B08-4C37-8A76-69836E0566E2}.Release|Any CPU.Build.0 = Release|Any CPU
		{FE7F94CE-420A-420F-9633-12B8BB1D8A45}.Debug|Any CPU.ActiveCfg = Debug|Any CPU
		{FE7F94CE-420A-420F-9633-12B8BB1D8A45}.Debug|Any CPU.Build.0 = Debug|Any CPU
		{FE7F94CE-420A-420F-9633-12B8BB1D8A45}.Release|Any CPU.ActiveCfg = Release|Any CPU
		{FE7F94CE-420A-420F-9633-12B8BB1D8A45}.Release|Any CPU.Build.0 = Release|Any CPU
		{041E8AB7-0101-4957-AD52-1FFC9392FF2E}.Debug|Any CPU.ActiveCfg = Debug|Any CPU
		{041E8AB7-0101-4957-AD52-1FFC9392FF2E}.Debug|Any CPU.Build.0 = Debug|Any CPU
		{041E8AB7-0101-4957-AD52-1FFC9392FF2E}.Release|Any CPU.ActiveCfg = Release|Any CPU
		{041E8AB7-0101-4957-AD52-1FFC9392FF2E}.Release|Any CPU.Build.0 = Release|Any CPU
		{A1076D0B-B7E1-425F-949F-A0952DE67DB7}.Debug|Any CPU.ActiveCfg = Debug|Any CPU
		{A1076D0B-B7E1-425F-949F-A0952DE67DB7}.Debug|Any CPU.Build.0 = Debug|Any CPU
		{A1076D0B-B7E1-425F-949F-A0952DE67DB7}.Release|Any CPU.ActiveCfg = Release|Any CPU
		{A1076D0B-B7E1-425F-949F-A0952DE67DB7}.Release|Any CPU.Build.0 = Release|Any CPU
		{FC3DB08B-A2F1-4224-9198-71C8FE343718}.Debug|Any CPU.ActiveCfg = Debug|Any CPU
		{FC3DB08B-A2F1-4224-9198-71C8FE343718}.Debug|Any CPU.Build.0 = Debug|Any CPU
		{FC3DB08B-A2F1-4224-9198-71C8FE343718}.Release|Any CPU.ActiveCfg = Release|Any CPU
		{FC3DB08B-A2F1-4224-9198-71C8FE343718}.Release|Any CPU.Build.0 = Release|Any CPU
	EndGlobalSection
	GlobalSection(SolutionProperties) = preSolution
		HideSolutionNode = FALSE
	EndGlobalSection
	GlobalSection(NestedProjects) = preSolution
		{CD1DFFAB-74CB-48EC-9C33-9AE2B2CE2136} = {52791BFB-E2E1-4587-8F20-6DB710E6149F}
		{6624EFCA-BB77-4869-8194-E3A05660B961} = {52791BFB-E2E1-4587-8F20-6DB710E6149F}
		{D922298A-39C0-4568-B8BF-B9D1016CCF3B} = {52791BFB-E2E1-4587-8F20-6DB710E6149F}
		{D03D6D99-F40F-4998-A858-2561DC93D628} = {52791BFB-E2E1-4587-8F20-6DB710E6149F}
		{30EDD755-1B08-4C37-8A76-69836E0566E2} = {52791BFB-E2E1-4587-8F20-6DB710E6149F}
		{FE7F94CE-420A-420F-9633-12B8BB1D8A45} = {52791BFB-E2E1-4587-8F20-6DB710E6149F}
		{041E8AB7-0101-4957-AD52-1FFC9392FF2E} = {52791BFB-E2E1-4587-8F20-6DB710E6149F}
		{A1076D0B-B7E1-425F-949F-A0952DE67DB7} = {52791BFB-E2E1-4587-8F20-6DB710E6149F}
		{FC3DB08B-A2F1-4224-9198-71C8FE343718} = {52791BFB-E2E1-4587-8F20-6DB710E6149F}
	EndGlobalSection
	GlobalSection(ExtensibilityGlobals) = postSolution
		SolutionGuid = {B8150A98-676F-4233-A995-B3A00528DEA4}
	EndGlobalSection
EndGlobal
